
Microsoft Visual Studio Solution File, Format Version 12.00
# Visual Studio 2012
Project("{FAE04EC0-301F-11D3-BF4B-00C04F79EFBC}") = "JxShellBase", "JxShellBase\JxShellBase.csproj", "{CAB6CED9-18E6-40D4-B9EE-46D8384C1A8F}"
EndProject
Project("{FAE04EC0-301F-11D3-BF4B-00C04F79EFBC}") = "JxShellDotnet4", "JxShellDotnet4\JxShellDotnet4.csproj", "{7B0FEEB6-7801-4839-BCC2-7920436F6E1C}"
EndProject
Global
	GlobalSection(SolutionConfigurationPlatforms) = preSolution
		Debug|Any CPU = Debug|Any CPU
		Release|Any CPU = Release|Any CPU
	EndGlobalSection
	GlobalSection(ProjectConfigurationPlatforms) = postSolution
		{7B0FEEB6-7801-4839-BCC2-7920436F6E1C}.Debug|Any CPU.ActiveCfg = Debug|Any CPU
		{7B0FEEB6-7801-4839-BCC2-7920436F6E1C}.Debug|Any CPU.Build.0 = Debug|Any CPU
		{7B0FEEB6-7801-4839-BCC2-7920436F6E1C}.Release|Any CPU.ActiveCfg = Release|Any CPU
		{7B0FEEB6-7801-4839-BCC2-7920436F6E1C}.Release|Any CPU.Build.0 = Release|Any CPU
		{CAB6CED9-18E6-40D4-B9EE-46D8384C1A8F}.Debug|Any CPU.ActiveCfg = Debug|Any CPU
		{CAB6CED9-18E6-40D4-B9EE-46D8384C1A8F}.Debug|Any CPU.Build.0 = Debug|Any CPU
		{CAB6CED9-18E6-40D4-B9EE-46D8384C1A8F}.Release|Any CPU.ActiveCfg = Release|Any CPU
		{CAB6CED9-18E6-40D4-B9EE-46D8384C1A8F}.Release|Any CPU.Build.0 = Release|Any CPU
	EndGlobalSection
EndGlobal
